// !$*UTF8*$!
{
	archiveVersion = 1;
	classes = {
	};
	objectVersion = 46;
	objects = {

/* Begin PBXBuildFile section */
		2C4EFAA81901ACCA003D4B4C /* ACEViewController.m in Sources */ = {isa = PBXBuildFile; fileRef = 2C4EFAA51901ACCA003D4B4C /* ACEViewController.m */; };
		2C4EFAA91901ACCA003D4B4C /* ACEViewController.xib in Resources */ = {isa = PBXBuildFile; fileRef = 2C4EFAA61901ACCA003D4B4C /* ACEViewController.xib */; };
		2C4EFAF21901E2D4003D4B4C /* CoreData.framework in Frameworks */ = {isa = PBXBuildFile; fileRef = 2C4EFAF11901E2D4003D4B4C /* CoreData.framework */; };
		2C4EFB3B1901F3CD003D4B4C /* Model.xcdatamodeld in Sources */ = {isa = PBXBuildFile; fileRef = 2C4EFB391901F3CD003D4B4C /* Model.xcdatamodeld */; };
		2C4EFB9719021962003D4B4C /* PDGameBarController.m in Sources */ = {isa = PBXBuildFile; fileRef = 2C4EFB9619021962003D4B4C /* PDGameBarController.m */; };
		2C5E1C341902EA0300A10CCC /* PDMasterTableViewController.m in Sources */ = {isa = PBXBuildFile; fileRef = 2C5E1C331902EA0300A10CCC /* PDMasterTableViewController.m */; };
		2C5E1C391902F09300A10CCC /* Game.m in Sources */ = {isa = PBXBuildFile; fileRef = 2C5E1C381902F09300A10CCC /* Game.m */; };
		2C5E1C3C1902F16800A10CCC /* GameRound.m in Sources */ = {isa = PBXBuildFile; fileRef = 2C5E1C3B1902F16800A10CCC /* GameRound.m */; };
		2C68C7B31901991E00A37829 /* Default-568h@2x.png in Resources */ = {isa = PBXBuildFile; fileRef = 2C68C7B21901991E00A37829 /* Default-568h@2x.png */; };
		8D2C3B9A18FF0D8E00302D55 /* ACEDrawingTools.m in Sources */ = {isa = PBXBuildFile; fileRef = 8D2C3B9718FF0D8E00302D55 /* ACEDrawingTools.m */; };
		8D2C3B9B18FF0D8E00302D55 /* ACEDrawingView.m in Sources */ = {isa = PBXBuildFile; fileRef = 8D2C3B9918FF0D8E00302D55 /* ACEDrawingView.m */; };
		8DD6BF0E18F2194300961E0F /* UIKit.framework in Frameworks */ = {isa = PBXBuildFile; fileRef = 8DD6BF0D18F2194300961E0F /* UIKit.framework */; };
		8DD6BF1018F2194300961E0F /* Foundation.framework in Frameworks */ = {isa = PBXBuildFile; fileRef = 8DD6BF0F18F2194300961E0F /* Foundation.framework */; };
		8DD6BF1218F2194300961E0F /* CoreGraphics.framework in Frameworks */ = {isa = PBXBuildFile; fileRef = 8DD6BF1118F2194300961E0F /* CoreGraphics.framework */; };
		8DD6BF1818F2194300961E0F /* InfoPlist.strings in Resources */ = {isa = PBXBuildFile; fileRef = 8DD6BF1618F2194300961E0F /* InfoPlist.strings */; };
		8DD6BF1A18F2194300961E0F /* main.m in Sources */ = {isa = PBXBuildFile; fileRef = 8DD6BF1918F2194300961E0F /* main.m */; };
		8DD6BF1E18F2194300961E0F /* PDAppDelegate.m in Sources */ = {isa = PBXBuildFile; fileRef = 8DD6BF1D18F2194300961E0F /* PDAppDelegate.m */; };
		8DD6BF2118F2194300961E0F /* MainStoryboard_iPhone.storyboard in Resources */ = {isa = PBXBuildFile; fileRef = 8DD6BF1F18F2194300961E0F /* MainStoryboard_iPhone.storyboard */; };
		8DD6BF2418F2194300961E0F /* MainStoryboard_iPad.storyboard in Resources */ = {isa = PBXBuildFile; fileRef = 8DD6BF2218F2194300961E0F /* MainStoryboard_iPad.storyboard */; };
		8DD6BF2718F2194300961E0F /* PDDrawViewController.m in Sources */ = {isa = PBXBuildFile; fileRef = 8DD6BF2618F2194300961E0F /* PDDrawViewController.m */; };
		8DD6BF2918F2194300961E0F /* first.png in Resources */ = {isa = PBXBuildFile; fileRef = 8DD6BF2818F2194300961E0F /* first.png */; };
		8DD6BF2B18F2194300961E0F /* first@2x.png in Resources */ = {isa = PBXBuildFile; fileRef = 8DD6BF2A18F2194300961E0F /* first@2x.png */; };
		8DD6BF2E18F2194300961E0F /* PDWritingViewController.m in Sources */ = {isa = PBXBuildFile; fileRef = 8DD6BF2D18F2194300961E0F /* PDWritingViewController.m */; };
		8DD6BF3018F2194300961E0F /* second.png in Resources */ = {isa = PBXBuildFile; fileRef = 8DD6BF2F18F2194300961E0F /* second.png */; };
		8DD6BF3218F2194300961E0F /* second@2x.png in Resources */ = {isa = PBXBuildFile; fileRef = 8DD6BF3118F2194300961E0F /* second@2x.png */; };
		8DD6BF3B18F2194300961E0F /* UIKit.framework in Frameworks */ = {isa = PBXBuildFile; fileRef = 8DD6BF0D18F2194300961E0F /* UIKit.framework */; };
		8DD6BF3C18F2194300961E0F /* Foundation.framework in Frameworks */ = {isa = PBXBuildFile; fileRef = 8DD6BF0F18F2194300961E0F /* Foundation.framework */; };
		8DD6BF4418F2194400961E0F /* InfoPlist.strings in Resources */ = {isa = PBXBuildFile; fileRef = 8DD6BF4218F2194400961E0F /* InfoPlist.strings */; };
		8DD6BF4718F2194400961E0F /* PictureDashTests.m in Sources */ = {isa = PBXBuildFile; fileRef = 8DD6BF4618F2194400961E0F /* PictureDashTests.m */; };
		8DD6BF5218F228C300961E0F /* PDHistoryViewController.m in Sources */ = {isa = PBXBuildFile; fileRef = 8DD6BF5118F228C300961E0F /* PDHistoryViewController.m */; };
/* End PBXBuildFile section */

/* Begin PBXContainerItemProxy section */
		8DD6BF3D18F2194300961E0F /* PBXContainerItemProxy */ = {
			isa = PBXContainerItemProxy;
			containerPortal = 8DD6BF0018F2194300961E0F /* Project object */;
			proxyType = 1;
			remoteGlobalIDString = 8DD6BF0818F2194300961E0F;
			remoteInfo = PictureDash;
		};
/* End PBXContainerItemProxy section */

/* Begin PBXFileReference section */
		2C4EFAA41901ACCA003D4B4C /* ACEViewController.h */ = {isa = PBXFileReference; fileEncoding = 4; lastKnownFileType = sourcecode.c.h; name = ACEViewController.h; path = "../../../ACEDrawingView-master/ACEDrawingViewDemo/ACEViewController.h"; sourceTree = "<group>"; };
		2C4EFAA51901ACCA003D4B4C /* ACEViewController.m */ = {isa = PBXFileReference; fileEncoding = 4; lastKnownFileType = sourcecode.c.objc; name = ACEViewController.m; path = "../../../ACEDrawingView-master/ACEDrawingViewDemo/ACEViewController.m"; sourceTree = "<group>"; };
		2C4EFAA71901ACCA003D4B4C /* en */ = {isa = PBXFileReference; lastKnownFileType = file.xib; name = en; path = "../../../ACEDrawingView-master/ACEDrawingViewDemo/en.lproj/ACEViewController.xib"; sourceTree = "<group>"; };
		2C4EFAF11901E2D4003D4B4C /* CoreData.framework */ = {isa = PBXFileReference; lastKnownFileType = wrapper.framework; name = CoreData.framework; path = System/Library/Frameworks/CoreData.framework; sourceTree = SDKROOT; };
		2C4EFB3A1901F3CD003D4B4C /* Model.xcdatamodel */ = {isa = PBXFileReference; lastKnownFileType = wrapper.xcdatamodel; path = Model.xcdatamodel; sourceTree = "<group>"; };
		2C4EFB9519021962003D4B4C /* PDGameBarController.h */ = {isa = PBXFileReference; fileEncoding = 4; lastKnownFileType = sourcecode.c.h; path = PDGameBarController.h; sourceTree = "<group>"; };
		2C4EFB9619021962003D4B4C /* PDGameBarController.m */ = {isa = PBXFileReference; fileEncoding = 4; lastKnownFileType = sourcecode.c.objc; path = PDGameBarController.m; sourceTree = "<group>"; };
		2C4EFB98190222EB003D4B4C /* PDGameViewController.h */ = {isa = PBXFileReference; lastKnownFileType = sourcecode.c.h; path = PDGameViewController.h; sourceTree = "<group>"; };
		2C5E1C321902EA0300A10CCC /* PDMasterTableViewController.h */ = {isa = PBXFileReference; fileEncoding = 4; lastKnownFileType = sourcecode.c.h; path = PDMasterTableViewController.h; sourceTree = "<group>"; };
		2C5E1C331902EA0300A10CCC /* PDMasterTableViewController.m */ = {isa = PBXFileReference; fileEncoding = 4; lastKnownFileType = sourcecode.c.objc; path = PDMasterTableViewController.m; sourceTree = "<group>"; };
		2C5E1C371902F09300A10CCC /* Game.h */ = {isa = PBXFileReference; fileEncoding = 4; lastKnownFileType = sourcecode.c.h; path = Game.h; sourceTree = "<group>"; };
		2C5E1C381902F09300A10CCC /* Game.m */ = {isa = PBXFileReference; fileEncoding = 4; lastKnownFileType = sourcecode.c.objc; path = Game.m; sourceTree = "<group>"; };
		2C5E1C3A1902F16800A10CCC /* GameRound.h */ = {isa = PBXFileReference; fileEncoding = 4; lastKnownFileType = sourcecode.c.h; path = GameRound.h; sourceTree = "<group>"; };
		2C5E1C3B1902F16800A10CCC /* GameRound.m */ = {isa = PBXFileReference; fileEncoding = 4; lastKnownFileType = sourcecode.c.objc; path = GameRound.m; sourceTree = "<group>"; };
		2C68C7B21901991E00A37829 /* Default-568h@2x.png */ = {isa = PBXFileReference; lastKnownFileType = image.png; path = "Default-568h@2x.png"; sourceTree = "<group>"; };
		8D2C3B9618FF0D8E00302D55 /* ACEDrawingTools.h */ = {isa = PBXFileReference; fileEncoding = 4; lastKnownFileType = sourcecode.c.h; path = ACEDrawingTools.h; sourceTree = "<group>"; };
		8D2C3B9718FF0D8E00302D55 /* ACEDrawingTools.m */ = {isa = PBXFileReference; fileEncoding = 4; lastKnownFileType = sourcecode.c.objc; path = ACEDrawingTools.m; sourceTree = "<group>"; };
		8D2C3B9818FF0D8E00302D55 /* ACEDrawingView.h */ = {isa = PBXFileReference; fileEncoding = 4; lastKnownFileType = sourcecode.c.h; path = ACEDrawingView.h; sourceTree = "<group>"; };
		8D2C3B9918FF0D8E00302D55 /* ACEDrawingView.m */ = {isa = PBXFileReference; fileEncoding = 4; lastKnownFileType = sourcecode.c.objc; path = ACEDrawingView.m; sourceTree = "<group>"; };
		8DD6BF0918F2194300961E0F /* PictureDash.app */ = {isa = PBXFileReference; explicitFileType = wrapper.application; includeInIndex = 0; path = PictureDash.app; sourceTree = BUILT_PRODUCTS_DIR; };
		8DD6BF0D18F2194300961E0F /* UIKit.framework */ = {isa = PBXFileReference; lastKnownFileType = wrapper.framework; name = UIKit.framework; path = System/Library/Frameworks/UIKit.framework; sourceTree = SDKROOT; };
		8DD6BF0F18F2194300961E0F /* Foundation.framework */ = {isa = PBXFileReference; lastKnownFileType = wrapper.framework; name = Foundation.framework; path = System/Library/Frameworks/Foundation.framework; sourceTree = SDKROOT; };
		8DD6BF1118F2194300961E0F /* CoreGraphics.framework */ = {isa = PBXFileReference; lastKnownFileType = wrapper.framework; name = CoreGraphics.framework; path = System/Library/Frameworks/CoreGraphics.framework; sourceTree = SDKROOT; };
		8DD6BF1518F2194300961E0F /* PictureDash-Info.plist */ = {isa = PBXFileReference; lastKnownFileType = text.plist.xml; path = "PictureDash-Info.plist"; sourceTree = "<group>"; };
		8DD6BF1718F2194300961E0F /* en */ = {isa = PBXFileReference; lastKnownFileType = text.plist.strings; name = en; path = en.lproj/InfoPlist.strings; sourceTree = "<group>"; };
		8DD6BF1918F2194300961E0F /* main.m */ = {isa = PBXFileReference; lastKnownFileType = sourcecode.c.objc; path = main.m; sourceTree = "<group>"; };
		8DD6BF1B18F2194300961E0F /* PictureDash-Prefix.pch */ = {isa = PBXFileReference; lastKnownFileType = sourcecode.c.h; path = "PictureDash-Prefix.pch"; sourceTree = "<group>"; };
		8DD6BF1C18F2194300961E0F /* PDAppDelegate.h */ = {isa = PBXFileReference; lastKnownFileType = sourcecode.c.h; path = PDAppDelegate.h; sourceTree = "<group>"; };
		8DD6BF1D18F2194300961E0F /* PDAppDelegate.m */ = {isa = PBXFileReference; lastKnownFileType = sourcecode.c.objc; path = PDAppDelegate.m; sourceTree = "<group>"; };
		8DD6BF2018F2194300961E0F /* en */ = {isa = PBXFileReference; lastKnownFileType = file.storyboard; name = en; path = en.lproj/MainStoryboard_iPhone.storyboard; sourceTree = "<group>"; };
		8DD6BF2318F2194300961E0F /* en */ = {isa = PBXFileReference; lastKnownFileType = file.storyboard; name = en; path = en.lproj/MainStoryboard_iPad.storyboard; sourceTree = "<group>"; };
		8DD6BF2518F2194300961E0F /* PDDrawViewController.h */ = {isa = PBXFileReference; lastKnownFileType = sourcecode.c.h; path = PDDrawViewController.h; sourceTree = "<group>"; };
		8DD6BF2618F2194300961E0F /* PDDrawViewController.m */ = {isa = PBXFileReference; lastKnownFileType = sourcecode.c.objc; path = PDDrawViewController.m; sourceTree = "<group>"; };
		8DD6BF2818F2194300961E0F /* first.png */ = {isa = PBXFileReference; lastKnownFileType = image.png; path = first.png; sourceTree = "<group>"; };
		8DD6BF2A18F2194300961E0F /* first@2x.png */ = {isa = PBXFileReference; lastKnownFileType = image.png; path = "first@2x.png"; sourceTree = "<group>"; };
		8DD6BF2C18F2194300961E0F /* PDWritingViewController.h */ = {isa = PBXFileReference; lastKnownFileType = sourcecode.c.h; path = PDWritingViewController.h; sourceTree = "<group>"; };
		8DD6BF2D18F2194300961E0F /* PDWritingViewController.m */ = {isa = PBXFileReference; lastKnownFileType = sourcecode.c.objc; path = PDWritingViewController.m; sourceTree = "<group>"; };
		8DD6BF2F18F2194300961E0F /* second.png */ = {isa = PBXFileReference; lastKnownFileType = image.png; path = second.png; sourceTree = "<group>"; };
		8DD6BF3118F2194300961E0F /* second@2x.png */ = {isa = PBXFileReference; lastKnownFileType = image.png; path = "second@2x.png"; sourceTree = "<group>"; };
		8DD6BF3818F2194300961E0F /* PictureDashTests.xctest */ = {isa = PBXFileReference; explicitFileType = wrapper.cfbundle; includeInIndex = 0; path = PictureDashTests.xctest; sourceTree = BUILT_PRODUCTS_DIR; };
		8DD6BF4118F2194300961E0F /* PictureDashTests-Info.plist */ = {isa = PBXFileReference; lastKnownFileType = text.plist.xml; path = "PictureDashTests-Info.plist"; sourceTree = "<group>"; };
		8DD6BF4318F2194400961E0F /* en */ = {isa = PBXFileReference; lastKnownFileType = text.plist.strings; name = en; path = en.lproj/InfoPlist.strings; sourceTree = "<group>"; };
		8DD6BF4518F2194400961E0F /* PictureDashTests.h */ = {isa = PBXFileReference; lastKnownFileType = sourcecode.c.h; path = PictureDashTests.h; sourceTree = "<group>"; };
		8DD6BF4618F2194400961E0F /* PictureDashTests.m */ = {isa = PBXFileReference; lastKnownFileType = sourcecode.c.objc; path = PictureDashTests.m; sourceTree = "<group>"; };
		8DD6BF5018F228C300961E0F /* PDHistoryViewController.h */ = {isa = PBXFileReference; fileEncoding = 4; lastKnownFileType = sourcecode.c.h; path = PDHistoryViewController.h; sourceTree = "<group>"; };
		8DD6BF5118F228C300961E0F /* PDHistoryViewController.m */ = {isa = PBXFileReference; fileEncoding = 4; lastKnownFileType = sourcecode.c.objc; path = PDHistoryViewController.m; sourceTree = "<group>"; };
/* End PBXFileReference section */

/* Begin PBXFrameworksBuildPhase section */
		8DD6BF0618F2194300961E0F /* Frameworks */ = {
			isa = PBXFrameworksBuildPhase;
			buildActionMask = 2147483647;
			files = (
				2C4EFAF21901E2D4003D4B4C /* CoreData.framework in Frameworks */,
				8DD6BF0E18F2194300961E0F /* UIKit.framework in Frameworks */,
				8DD6BF1018F2194300961E0F /* Foundation.framework in Frameworks */,
				8DD6BF1218F2194300961E0F /* CoreGraphics.framework in Frameworks */,
			);
			runOnlyForDeploymentPostprocessing = 0;
		};
		8DD6BF3418F2194300961E0F /* Frameworks */ = {
			isa = PBXFrameworksBuildPhase;
			buildActionMask = 2147483647;
			files = (
				8DD6BF3B18F2194300961E0F /* UIKit.framework in Frameworks */,
				8DD6BF3C18F2194300961E0F /* Foundation.framework in Frameworks */,
			);
			runOnlyForDeploymentPostprocessing = 0;
		};
/* End PBXFrameworksBuildPhase section */

/* Begin PBXGroup section */
		2C4EFAA31901AC9D003D4B4C /* AceDrawing */ = {
			isa = PBXGroup;
			children = (
				2C4EFAA41901ACCA003D4B4C /* ACEViewController.h */,
				2C4EFAA51901ACCA003D4B4C /* ACEViewController.m */,
				2C4EFAA61901ACCA003D4B4C /* ACEViewController.xib */,
				8D2C3B9618FF0D8E00302D55 /* ACEDrawingTools.h */,
				8D2C3B9718FF0D8E00302D55 /* ACEDrawingTools.m */,
				8D2C3B9818FF0D8E00302D55 /* ACEDrawingView.h */,
				8D2C3B9918FF0D8E00302D55 /* ACEDrawingView.m */,
			);
			name = AceDrawing;
			sourceTree = "<group>";
		};
		2C5E1C351902EA1200A10CCC /* GameRoundViewers */ = {
			isa = PBXGroup;
			children = (
				8DD6BF2518F2194300961E0F /* PDDrawViewController.h */,
				2C4EFB98190222EB003D4B4C /* PDGameViewController.h */,
				8DD6BF2618F2194300961E0F /* PDDrawViewController.m */,
				8DD6BF2C18F2194300961E0F /* PDWritingViewController.h */,
				8DD6BF2D18F2194300961E0F /* PDWritingViewController.m */,
				8DD6BF5018F228C300961E0F /* PDHistoryViewController.h */,
				8DD6BF5118F228C300961E0F /* PDHistoryViewController.m */,
				2C4EFB9519021962003D4B4C /* PDGameBarController.h */,
				2C4EFB9619021962003D4B4C /* PDGameBarController.m */,
			);
			name = GameRoundViewers;
			sourceTree = "<group>";
		};
		2C5E1C361902EA7B00A10CCC /* Model */ = {
			isa = PBXGroup;
			children = (
				2C4EFB391901F3CD003D4B4C /* Model.xcdatamodeld */,
				2C5E1C371902F09300A10CCC /* Game.h */,
				2C5E1C381902F09300A10CCC /* Game.m */,
				2C5E1C3A1902F16800A10CCC /* GameRound.h */,
				2C5E1C3B1902F16800A10CCC /* GameRound.m */,
			);
			name = Model;
			sourceTree = "<group>";
		};
		8DD6BEFE18F2194300961E0F = {
			isa = PBXGroup;
			children = (
				2C68C7B21901991E00A37829 /* Default-568h@2x.png */,
				8DD6BF1318F2194300961E0F /* PictureDash */,
				8DD6BF3F18F2194300961E0F /* PictureDashTests */,
				8DD6BF0C18F2194300961E0F /* Frameworks */,
				8DD6BF0A18F2194300961E0F /* Products */,
			);
			sourceTree = "<group>";
		};
		8DD6BF0A18F2194300961E0F /* Products */ = {
			isa = PBXGroup;
			children = (
				8DD6BF0918F2194300961E0F /* PictureDash.app */,
				8DD6BF3818F2194300961E0F /* PictureDashTests.xctest */,
			);
			name = Products;
			sourceTree = "<group>";
		};
		8DD6BF0C18F2194300961E0F /* Frameworks */ = {
			isa = PBXGroup;
			children = (
				2C4EFAF11901E2D4003D4B4C /* CoreData.framework */,
				8DD6BF0D18F2194300961E0F /* UIKit.framework */,
				8DD6BF0F18F2194300961E0F /* Foundation.framework */,
				8DD6BF1118F2194300961E0F /* CoreGraphics.framework */,
			);
			name = Frameworks;
			sourceTree = "<group>";
		};
		8DD6BF1318F2194300961E0F /* PictureDash */ = {
			isa = PBXGroup;
			children = (
				2C5E1C321902EA0300A10CCC /* PDMasterTableViewController.h */,
				2C5E1C331902EA0300A10CCC /* PDMasterTableViewController.m */,
				2C4EFAA31901AC9D003D4B4C /* AceDrawing */,
				2C5E1C351902EA1200A10CCC /* GameRoundViewers */,
				2C5E1C361902EA7B00A10CCC /* Model */,
				8DD6BF1C18F2194300961E0F /* PDAppDelegate.h */,
				8DD6BF1D18F2194300961E0F /* PDAppDelegate.m */,
				8DD6BF1F18F2194300961E0F /* MainStoryboard_iPhone.storyboard */,
				8DD6BF2218F2194300961E0F /* MainStoryboard_iPad.storyboard */,
				8DD6BF2818F2194300961E0F /* first.png */,
				8DD6BF2A18F2194300961E0F /* first@2x.png */,
				8DD6BF2F18F2194300961E0F /* second.png */,
				8DD6BF3118F2194300961E0F /* second@2x.png */,
				8DD6BF1418F2194300961E0F /* Supporting Files */,
			);
			path = PictureDash;
			sourceTree = "<group>";
		};
		8DD6BF1418F2194300961E0F /* Supporting Files */ = {
			isa = PBXGroup;
			children = (
				8DD6BF1518F2194300961E0F /* PictureDash-Info.plist */,
				8DD6BF1618F2194300961E0F /* InfoPlist.strings */,
				8DD6BF1918F2194300961E0F /* main.m */,
				8DD6BF1B18F2194300961E0F /* PictureDash-Prefix.pch */,
			);
			name = "Supporting Files";
			sourceTree = "<group>";
		};
		8DD6BF3F18F2194300961E0F /* PictureDashTests */ = {
			isa = PBXGroup;
			children = (
				8DD6BF4518F2194400961E0F /* PictureDashTests.h */,
				8DD6BF4618F2194400961E0F /* PictureDashTests.m */,
				8DD6BF4018F2194300961E0F /* Supporting Files */,
			);
			path = PictureDashTests;
			sourceTree = "<group>";
		};
		8DD6BF4018F2194300961E0F /* Supporting Files */ = {
			isa = PBXGroup;
			children = (
				8DD6BF4118F2194300961E0F /* PictureDashTests-Info.plist */,
				8DD6BF4218F2194400961E0F /* InfoPlist.strings */,
			);
			name = "Supporting Files";
			sourceTree = "<group>";
		};
/* End PBXGroup section */

/* Begin PBXNativeTarget section */
		8DD6BF0818F2194300961E0F /* PictureDash */ = {
			isa = PBXNativeTarget;
			buildConfigurationList = 8DD6BF4A18F2194400961E0F /* Build configuration list for PBXNativeTarget "PictureDash" */;
			buildPhases = (
				8DD6BF0518F2194300961E0F /* Sources */,
				8DD6BF0618F2194300961E0F /* Frameworks */,
				8DD6BF0718F2194300961E0F /* Resources */,
			);
			buildRules = (
			);
			dependencies = (
			);
			name = PictureDash;
			productName = PictureDash;
			productReference = 8DD6BF0918F2194300961E0F /* PictureDash.app */;
			productType = "com.apple.product-type.application";
		};
		8DD6BF3718F2194300961E0F /* PictureDashTests */ = {
			isa = PBXNativeTarget;
			buildConfigurationList = 8DD6BF4D18F2194400961E0F /* Build configuration list for PBXNativeTarget "PictureDashTests" */;
			buildPhases = (
				8DD6BF3318F2194300961E0F /* Sources */,
				8DD6BF3418F2194300961E0F /* Frameworks */,
				8DD6BF3518F2194300961E0F /* Resources */,
				8DD6BF3618F2194300961E0F /* ShellScript */,
			);
			buildRules = (
			);
			dependencies = (
				8DD6BF3E18F2194300961E0F /* PBXTargetDependency */,
			);
			name = PictureDashTests;
			productName = PictureDashTests;
			productReference = 8DD6BF3818F2194300961E0F /* PictureDashTests.xctest */;
			productType = "com.apple.product-type.bundle.unit-test";
		};
/* End PBXNativeTarget section */

/* Begin PBXProject section */
		8DD6BF0018F2194300961E0F /* Project object */ = {
			isa = PBXProject;
			attributes = {
				CLASSPREFIX = PD;
				LastTestingUpgradeCheck = 0510;
				LastUpgradeCheck = 0510;
				ORGANIZATIONNAME = "Vincent Pillinger";
			};
			buildConfigurationList = 8DD6BF0318F2194300961E0F /* Build configuration list for PBXProject "PictureDash" */;
			compatibilityVersion = "Xcode 3.2";
			developmentRegion = English;
			hasScannedForEncodings = 0;
			knownRegions = (
				en,
			);
			mainGroup = 8DD6BEFE18F2194300961E0F;
			productRefGroup = 8DD6BF0A18F2194300961E0F /* Products */;
			projectDirPath = "";
			projectRoot = "";
			targets = (
				8DD6BF0818F2194300961E0F /* PictureDash */,
				8DD6BF3718F2194300961E0F /* PictureDashTests */,
			);
		};
/* End PBXProject section */

/* Begin PBXResourcesBuildPhase section */
		8DD6BF0718F2194300961E0F /* Resources */ = {
			isa = PBXResourcesBuildPhase;
			buildActionMask = 2147483647;
			files = (
				8DD6BF1818F2194300961E0F /* InfoPlist.strings in Resources */,
				8DD6BF2118F2194300961E0F /* MainStoryboard_iPhone.storyboard in Resources */,
				8DD6BF2418F2194300961E0F /* MainStoryboard_iPad.storyboard in Resources */,
				8DD6BF2918F2194300961E0F /* first.png in Resources */,
				8DD6BF2B18F2194300961E0F /* first@2x.png in Resources */,
				2C4EFAA91901ACCA003D4B4C /* ACEViewController.xib in Resources */,
				2C68C7B31901991E00A37829 /* Default-568h@2x.png in Resources */,
				8DD6BF3018F2194300961E0F /* second.png in Resources */,
				8DD6BF3218F2194300961E0F /* second@2x.png in Resources */,
			);
			runOnlyForDeploymentPostprocessing = 0;
		};
		8DD6BF3518F2194300961E0F /* Resources */ = {
			isa = PBXResourcesBuildPhase;
			buildActionMask = 2147483647;
			files = (
				8DD6BF4418F2194400961E0F /* InfoPlist.strings in Resources */,
			);
			runOnlyForDeploymentPostprocessing = 0;
		};
/* End PBXResourcesBuildPhase section */

/* Begin PBXShellScriptBuildPhase section */
		8DD6BF3618F2194300961E0F /* ShellScript */ = {
			isa = PBXShellScriptBuildPhase;
			buildActionMask = 2147483647;
			files = (
			);
			inputPaths = (
			);
			outputPaths = (
			);
			runOnlyForDeploymentPostprocessing = 0;
			shellPath = /bin/sh;
			shellScript = "# Run the unit tests in this test bundle.\n\"${SYSTEM_DEVELOPER_DIR}/Tools/RunUnitTests\"\n";
		};
/* End PBXShellScriptBuildPhase section */

/* Begin PBXSourcesBuildPhase section */
		8DD6BF0518F2194300961E0F /* Sources */ = {
			isa = PBXSourcesBuildPhase;
			buildActionMask = 2147483647;
			files = (
				8DD6BF1A18F2194300961E0F /* main.m in Sources */,
				8DD6BF1E18F2194300961E0F /* PDAppDelegate.m in Sources */,
				2C5E1C341902EA0300A10CCC /* PDMasterTableViewController.m in Sources */,
				2C5E1C391902F09300A10CCC /* Game.m in Sources */,
				2C4EFB9719021962003D4B4C /* PDGameBarController.m in Sources */,
				8DD6BF2718F2194300961E0F /* PDDrawViewController.m in Sources */,
				8DD6BF2E18F2194300961E0F /* PDWritingViewController.m in Sources */,
				8DD6BF5218F228C300961E0F /* PDHistoryViewController.m in Sources */,
				2C4EFB3B1901F3CD003D4B4C /* Model.xcdatamodeld in Sources */,
				2C5E1C3C1902F16800A10CCC /* GameRound.m in Sources */,
				8D2C3B9A18FF0D8E00302D55 /* ACEDrawingTools.m in Sources */,
				2C4EFAA81901ACCA003D4B4C /* ACEViewController.m in Sources */,
				8D2C3B9B18FF0D8E00302D55 /* ACEDrawingView.m in Sources */,
			);
			runOnlyForDeploymentPostprocessing = 0;
		};
		8DD6BF3318F2194300961E0F /* Sources */ = {
			isa = PBXSourcesBuildPhase;
			buildActionMask = 2147483647;
			files = (
				8DD6BF4718F2194400961E0F /* PictureDashTests.m in Sources */,
			);
			runOnlyForDeploymentPostprocessing = 0;
		};
/* End PBXSourcesBuildPhase section */

/* Begin PBXTargetDependency section */
		8DD6BF3E18F2194300961E0F /* PBXTargetDependency */ = {
			isa = PBXTargetDependency;
			target = 8DD6BF0818F2194300961E0F /* PictureDash */;
			targetProxy = 8DD6BF3D18F2194300961E0F /* PBXContainerItemProxy */;
		};
/* End PBXTargetDependency section */

/* Begin PBXVariantGroup section */
		2C4EFAA61901ACCA003D4B4C /* ACEViewController.xib */ = {
			isa = PBXVariantGroup;
			children = (
				2C4EFAA71901ACCA003D4B4C /* en */,
			);
			name = ACEViewController.xib;
			sourceTree = "<group>";
		};
		8DD6BF1618F2194300961E0F /* InfoPlist.strings */ = {
			isa = PBXVariantGroup;
			children = (
				8DD6BF1718F2194300961E0F /* en */,
			);
			name = InfoPlist.strings;
			sourceTree = "<group>";
		};
		8DD6BF1F18F2194300961E0F /* MainStoryboard_iPhone.storyboard */ = {
			isa = PBXVariantGroup;
			children = (
				8DD6BF2018F2194300961E0F /* en */,
			);
			name = MainStoryboard_iPhone.storyboard;
			sourceTree = "<group>";
		};
		8DD6BF2218F2194300961E0F /* MainStoryboard_iPad.storyboard */ = {
			isa = PBXVariantGroup;
			children = (
				8DD6BF2318F2194300961E0F /* en */,
			);
			name = MainStoryboard_iPad.storyboard;
			sourceTree = "<group>";
		};
		8DD6BF4218F2194400961E0F /* InfoPlist.strings */ = {
			isa = PBXVariantGroup;
			children = (
				8DD6BF4318F2194400961E0F /* en */,
			);
			name = InfoPlist.strings;
			sourceTree = "<group>";
		};
/* End PBXVariantGroup section */

/* Begin XCBuildConfiguration section */
		8DD6BF4818F2194400961E0F /* Debug */ = {
			isa = XCBuildConfiguration;
			buildSettings = {
				ALWAYS_SEARCH_USER_PATHS = NO;
				CLANG_CXX_LANGUAGE_STANDARD = "gnu++0x";
				CLANG_ENABLE_OBJC_ARC = YES;
				CLANG_WARN_BOOL_CONVERSION = YES;
				CLANG_WARN_CONSTANT_CONVERSION = YES;
				CLANG_WARN_EMPTY_BODY = YES;
				CLANG_WARN_ENUM_CONVERSION = YES;
				CLANG_WARN_INT_CONVERSION = YES;
				CLANG_WARN__DUPLICATE_METHOD_MATCH = YES;
				"CODE_SIGN_IDENTITY[sdk=iphoneos*]" = "iPhone Developer";
				COPY_PHASE_STRIP = NO;
				GCC_C_LANGUAGE_STANDARD = gnu99;
				GCC_DYNAMIC_NO_PIC = NO;
				GCC_OPTIMIZATION_LEVEL = 0;
				GCC_PREPROCESSOR_DEFINITIONS = (
					"DEBUG=1",
					"$(inherited)",
				);
				GCC_SYMBOLS_PRIVATE_EXTERN = NO;
				GCC_VERSION = com.apple.compilers.llvm.clang.1_0;
				GCC_WARN_64_TO_32_BIT_CONVERSION = YES;
				GCC_WARN_ABOUT_RETURN_TYPE = YES;
				GCC_WARN_UNDECLARED_SELECTOR = YES;
				GCC_WARN_UNINITIALIZED_AUTOS = YES;
				GCC_WARN_UNUSED_FUNCTION = YES;
				GCC_WARN_UNUSED_VARIABLE = YES;
				IPHONEOS_DEPLOYMENT_TARGET = 7.1;
				ONLY_ACTIVE_ARCH = YES;
				SDKROOT = iphoneos;
				TARGETED_DEVICE_FAMILY = "1,2";
			};
			name = Debug;
		};
		8DD6BF4918F2194400961E0F /* Release */ = {
			isa = XCBuildConfiguration;
			buildSettings = {
				ALWAYS_SEARCH_USER_PATHS = NO;
				CLANG_CXX_LANGUAGE_STANDARD = "gnu++0x";
				CLANG_ENABLE_OBJC_ARC = YES;
				CLANG_WARN_BOOL_CONVERSION = YES;
				CLANG_WARN_CONSTANT_CONVERSION = YES;
				CLANG_WARN_EMPTY_BODY = YES;
				CLANG_WARN_ENUM_CONVERSION = YES;
				CLANG_WARN_INT_CONVERSION = YES;
				CLANG_WARN__DUPLICATE_METHOD_MATCH = YES;
				"CODE_SIGN_IDENTITY[sdk=iphoneos*]" = "iPhone Developer";
				COPY_PHASE_STRIP = YES;
				GCC_C_LANGUAGE_STANDARD = gnu99;
				GCC_VERSION = com.apple.compilers.llvm.clang.1_0;
				GCC_WARN_64_TO_32_BIT_CONVERSION = YES;
				GCC_WARN_ABOUT_RETURN_TYPE = YES;
				GCC_WARN_UNDECLARED_SELECTOR = YES;
				GCC_WARN_UNINITIALIZED_AUTOS = YES;
				GCC_WARN_UNUSED_FUNCTION = YES;
				GCC_WARN_UNUSED_VARIABLE = YES;
				IPHONEOS_DEPLOYMENT_TARGET = 7.1;
				OTHER_CFLAGS = "-DNS_BLOCK_ASSERTIONS=1";
				SDKROOT = iphoneos;
				TARGETED_DEVICE_FAMILY = "1,2";
				VALIDATE_PRODUCT = YES;
			};
			name = Release;
		};
		8DD6BF4B18F2194400961E0F /* Debug */ = {
			isa = XCBuildConfiguration;
			buildSettings = {
				GCC_PRECOMPILE_PREFIX_HEADER = YES;
				GCC_PREFIX_HEADER = "PictureDash/PictureDash-Prefix.pch";
				INFOPLIST_FILE = "PictureDash/PictureDash-Info.plist";
				PRODUCT_NAME = "$(TARGET_NAME)";
				WRAPPER_EXTENSION = app;
			};
			name = Debug;
		};
		8DD6BF4C18F2194400961E0F /* Release */ = {
			isa = XCBuildConfiguration;
			buildSettings = {
				GCC_PRECOMPILE_PREFIX_HEADER = YES;
				GCC_PREFIX_HEADER = "PictureDash/PictureDash-Prefix.pch";
				INFOPLIST_FILE = "PictureDash/PictureDash-Info.plist";
				PRODUCT_NAME = "$(TARGET_NAME)";
				WRAPPER_EXTENSION = app;
			};
			name = Release;
		};
		8DD6BF4E18F2194400961E0F /* Debug */ = {
			isa = XCBuildConfiguration;
			buildSettings = {
				BUNDLE_LOADER = "$(BUILT_PRODUCTS_DIR)/PictureDash.app/PictureDash";
				FRAMEWORK_SEARCH_PATHS = (
					"\"$(SDKROOT)/Developer/Library/Frameworks\"",
					"\"$(DEVELOPER_LIBRARY_DIR)/Frameworks\"",
					"$(inherited)",
				);
				GCC_PRECOMPILE_PREFIX_HEADER = YES;
				GCC_PREFIX_HEADER = "PictureDash/PictureDash-Prefix.pch";
				INFOPLIST_FILE = "PictureDashTests/PictureDashTests-Info.plist";
				PRODUCT_NAME = "$(TARGET_NAME)";
				TEST_HOST = "$(BUNDLE_LOADER)";
			};
			name = Debug;
		};
		8DD6BF4F18F2194400961E0F /* Release */ = {
			isa = XCBuildConfiguration;
			buildSettings = {
				BUNDLE_LOADER = "$(BUILT_PRODUCTS_DIR)/PictureDash.app/PictureDash";
				FRAMEWORK_SEARCH_PATHS = (
					"\"$(SDKROOT)/Developer/Library/Frameworks\"",
					"\"$(DEVELOPER_LIBRARY_DIR)/Frameworks\"",
					"$(inherited)",
				);
				GCC_PRECOMPILE_PREFIX_HEADER = YES;
				GCC_PREFIX_HEADER = "PictureDash/PictureDash-Prefix.pch";
				INFOPLIST_FILE = "PictureDashTests/PictureDashTests-Info.plist";
				PRODUCT_NAME = "$(TARGET_NAME)";
				TEST_HOST = "$(BUNDLE_LOADER)";
			};
			name = Release;
		};
/* End XCBuildConfiguration section */

/* Begin XCConfigurationList section */
		8DD6BF0318F2194300961E0F /* Build configuration list for PBXProject "PictureDash" */ = {
			isa = XCConfigurationList;
			buildConfigurations = (
				8DD6BF4818F2194400961E0F /* Debug */,
				8DD6BF4918F2194400961E0F /* Release */,
			);
			defaultConfigurationIsVisible = 0;
			defaultConfigurationName = Release;
		};
		8DD6BF4A18F2194400961E0F /* Build configuration list for PBXNativeTarget "PictureDash" */ = {
			isa = XCConfigurationList;
			buildConfigurations = (
				8DD6BF4B18F2194400961E0F /* Debug */,
				8DD6BF4C18F2194400961E0F /* Release */,
			);
			defaultConfigurationIsVisible = 0;
			defaultConfigurationName = Release;
		};
		8DD6BF4D18F2194400961E0F /* Build configuration list for PBXNativeTarget "PictureDashTests" */ = {
			isa = XCConfigurationList;
			buildConfigurations = (
				8DD6BF4E18F2194400961E0F /* Debug */,
				8DD6BF4F18F2194400961E0F /* Release */,
			);
			defaultConfigurationIsVisible = 0;
			defaultConfigurationName = Release;
		};
/* End XCConfigurationList section */

/* Begin XCVersionGroup section */
		2C4EFB391901F3CD003D4B4C /* Model.xcdatamodeld */ = {
			isa = XCVersionGroup;
			children = (
				2C4EFB3A1901F3CD003D4B4C /* Model.xcdatamodel */,
			);
			currentVersion = 2C4EFB3A1901F3CD003D4B4C /* Model.xcdatamodel */;
			name = Model.xcdatamodeld;
			path = ../Model.xcdatamodeld;
			sourceTree = "<group>";
			versionGroupType = wrapper.xcdatamodel;
		};
/* End XCVersionGroup section */
	};
	rootObject = 8DD6BF0018F2194300961E0F /* Project object */;
}
